
Microsoft Visual Studio Solution File, Format Version 12.00
# Visual Studio Version 17
VisualStudioVersion = 17.14.36109.1 d17.14
MinimumVisualStudioVersion = 10.0.40219.1
Project("{FAE04EC0-301F-11D3-BF4B-00C04F79EFBC}") = "Projekt", "Projekt.csproj", "{34E91189-C930-4ABF-A50B-4BCA8478AB15}"
EndProject
Global
	GlobalSection(SolutionConfigurationPlatforms) = preSolution
		Debug|Any CPU = Debug|Any CPU
		Release|Any CPU = Release|Any CPU
	EndGlobalSection
	GlobalSection(ProjectConfigurationPlatforms) = postSolution
		{34E91189-C930-4ABF-A50B-4BCA8478AB15}.Debug|Any CPU.ActiveCfg = Debug|Any CPU
		{34E91189-C930-4ABF-A50B-4BCA8478AB15}.Debug|Any CPU.Build.0 = Debug|Any CPU
		{34E91189-C930-4ABF-A50B-4BCA8478AB15}.Release|Any CPU.ActiveCfg = Release|Any CPU
		{34E91189-C930-4ABF-A50B-4BCA8478AB15}.Release|Any CPU.Build.0 = Release|Any CPU
	EndGlobalSection
	GlobalSection(SolutionProperties) = preSolution
		HideSolutionNode = FALSE
	EndGlobalSection
	GlobalSection(ExtensibilityGlobals) = postSolution
		SolutionGuid = {1BEC2FD9-4CB7-49D9-B5F2-FC0CBA0108B5}
	EndGlobalSection
EndGlobal
